
Microsoft Visual Studio Solution File, Format Version 12.00
Project("{FAE04EC0-301F-11D3-BF4B-00C04F79EFBC}") = "ms_efcore_sample", "ms_efcore_sample\ms_efcore_sample.csproj", "{BFEFE504-1230-4C28-8A71-9C8E55FAE10E}"
EndProject
Project("{FAE04EC0-301F-11D3-BF4B-00C04F79EFBC}") = "WebApplication", "WebApplication\WebApplication.csproj", "{863EFBFC-9165-48CD-AE7B-42433EEDBFB3}"
EndProject
Global
	GlobalSection(SolutionConfigurationPlatforms) = preSolution
		Debug|Any CPU = Debug|Any CPU
		Release|Any CPU = Release|Any CPU
	EndGlobalSection
	GlobalSection(ProjectConfigurationPlatforms) = postSolution
		{BFEFE504-1230-4C28-8A71-9C8E55FAE10E}.Debug|Any CPU.ActiveCfg = Debug|Any CPU
		{BFEFE504-1230-4C28-8A71-9C8E55FAE10E}.Debug|Any CPU.Build.0 = Debug|Any CPU
		{BFEFE504-1230-4C28-8A71-9C8E55FAE10E}.Release|Any CPU.ActiveCfg = Release|Any CPU
		{BFEFE504-1230-4C28-8A71-9C8E55FAE10E}.Release|Any CPU.Build.0 = Release|Any CPU
		{863EFBFC-9165-48CD-AE7B-42433EEDBFB3}.Debug|Any CPU.ActiveCfg = Debug|Any CPU
		{863EFBFC-9165-48CD-AE7B-42433EEDBFB3}.Debug|Any CPU.Build.0 = Debug|Any CPU
		{863EFBFC-9165-48CD-AE7B-42433EEDBFB3}.Release|Any CPU.ActiveCfg = Release|Any CPU
		{863EFBFC-9165-48CD-AE7B-42433EEDBFB3}.Release|Any CPU.Build.0 = Release|Any CPU
	EndGlobalSection
EndGlobal
